PODS:
  - Alamofire (4.9.0)
  - Toast-Swift (5.0.0)

DEPENDENCIES:
  - Alamofire
  - Toast-Swift (~> 5.0.0)

SPEC REPOS:
  trunk:
    - Alamofire
    - Toast-Swift

SPEC CHECKSUMS:
  Alamofire: afc3e7c6db61476cb45cdd23fed06bad03bbc321
  Toast-Swift: 36f4720243c8582c2be243a60a51e193c761f541

PODFILE CHECKSUM: 96e3db70910d285c500de06bf0f6d0fcabc9933d

COCOAPODS: 1.8.3
